
Microsoft Visual Studio Solution File, Format Version 11.00
# Visual Studio 2010
Project("{FAE04EC0-301F-11D3-BF4B-00C04F79EFBC}") = "The door", "Assembly-CSharp.csproj", "{FDED05E1-C03F-79E8-C767-FF8C3BFC94CD}"
EndProject
Project("{FAE04EC0-301F-11D3-BF4B-00C04F79EFBC}") = "The door", "Assembly-CSharp-Editor.csproj", "{1D14330D-9EC5-D086-68B3-49851CC6EAE6}"
EndProject
Global
	GlobalSection(SolutionConfigurationPlatforms) = preSolution
		Debug|Any CPU = Debug|Any CPU
		Release|Any CPU = Release|Any CPU
	EndGlobalSection
	GlobalSection(ProjectConfigurationPlatforms) = postSolution
		{FDED05E1-C03F-79E8-C767-FF8C3BFC94CD}.Debug|Any CPU.ActiveCfg = Debug|Any CPU
		{FDED05E1-C03F-79E8-C767-FF8C3BFC94CD}.Debug|Any CPU.Build.0 = Debug|Any CPU
		{FDED05E1-C03F-79E8-C767-FF8C3BFC94CD}.Release|Any CPU.ActiveCfg = Release|Any CPU
		{FDED05E1-C03F-79E8-C767-FF8C3BFC94CD}.Release|Any CPU.Build.0 = Release|Any CPU
		{1D14330D-9EC5-D086-68B3-49851CC6EAE6}.Debug|Any CPU.ActiveCfg = Debug|Any CPU
		{1D14330D-9EC5-D086-68B3-49851CC6EAE6}.Debug|Any CPU.Build.0 = Debug|Any CPU
		{1D14330D-9EC5-D086-68B3-49851CC6EAE6}.Release|Any CPU.ActiveCfg = Release|Any CPU
		{1D14330D-9EC5-D086-68B3-49851CC6EAE6}.Release|Any CPU.Build.0 = Release|Any CPU
	EndGlobalSection
	GlobalSection(SolutionProperties) = preSolution
		HideSolutionNode = FALSE
	EndGlobalSection
	GlobalSection(MonoDevelopProperties) = preSolution
		StartupItem = Assembly-CSharp.csproj
	EndGlobalSection
EndGlobal
